# This file is generated by running "yarn install" inside your project.
# Manual changes might be lost - proceed with caution!

__metadata:
  version: 8
  cacheKey: 10c0

"@elm_binaries/darwin_arm64@npm:0.19.1-0":
  version: 0.19.1-0
  resolution: "@elm_binaries/darwin_arm64@npm:0.19.1-0"
  conditions: os=darwin & cpu=arm64
  languageName: node
  linkType: hard

"@elm_binaries/darwin_x64@npm:0.19.1-0":
  version: 0.19.1-0
  resolution: "@elm_binaries/darwin_x64@npm:0.19.1-0"
  conditions: os=darwin & cpu=x64
  languageName: node
  linkType: hard

"@elm_binaries/linux_x64@npm:0.19.1-0":
  version: 0.19.1-0
  resolution: "@elm_binaries/linux_x64@npm:0.19.1-0"
  conditions: os=linux & cpu=x64
  languageName: node
  linkType: hard

"@elm_binaries/win32_x64@npm:0.19.1-0":
  version: 0.19.1-0
  resolution: "@elm_binaries/win32_x64@npm:0.19.1-0"
  conditions: os=win32 & cpu=x64
  languageName: node
  linkType: hard

"elm@npm:0.19.1-6":
  version: 0.19.1-6
  resolution: "elm@npm:0.19.1-6"
  dependencies:
    "@elm_binaries/darwin_arm64": "npm:0.19.1-0"
    "@elm_binaries/darwin_x64": "npm:0.19.1-0"
    "@elm_binaries/linux_x64": "npm:0.19.1-0"
    "@elm_binaries/win32_x64": "npm:0.19.1-0"
  dependenciesMeta:
    "@elm_binaries/darwin_arm64":
      optional: true
    "@elm_binaries/darwin_x64":
      optional: true
    "@elm_binaries/linux_x64":
      optional: true
    "@elm_binaries/win32_x64":
      optional: true
  bin:
    elm: bin/elm
  checksum: 10c0/8fe067b18d66afcc6d843d49ed7fbce7ac93bbdaf9b53fafb57c3396a763ae23b6c8a69346143b6d59bf97e2e57d207a578bd6d4600952babff9934b8643c4c4
  languageName: node
  linkType: hard

"root-workspace-0b6124@workspace:.":
  version: 0.0.0-use.local
  resolution: "root-workspace-0b6124@workspace:."
  dependencies:
    elm: "npm:0.19.1-6"
  languageName: unknown
  linkType: soft
